# This file is automatically @generated by Poetry 2.1.3 and should not be changed by hand.

[[package]]
name = "cmd2"
version = "2.6.1"
description = "cmd2 - quickly build feature-rich and user-friendly interactive command line applications in Python"
optional = false
python-versions = ">=3.9"
groups = ["main"]
files = [
    {file = "cmd2-2.6.1-py3-none-any.whl", hash = "sha256:c4c8e3a515a7e69061b7ebbaadeb9d7fae283b7fee1a44ff169e33e2ccb2eec3"},
    {file = "cmd2-2.6.1.tar.gz", hash = "sha256:650a5892bf29b233d3d6775b5e3cc813648cff0d79134f707981f66baaed9f42"},
]

[package.dependencies]
gnureadline = {version = ">=8", markers = "platform_system == \"Darwin\""}
pyperclip = ">=1.8"
pyreadline3 = {version = ">=3.4", markers = "platform_system == \"Windows\""}
wcwidth = ">=0.2.10"

[[package]]
name = "datetime"
version = "5.5"
description = "This package provides a DateTime data type, as known from Zope. Unless you need to communicate with Zope APIs, you're probably better off using Python's built-in datetime module."
optional = false
python-versions = ">=3.7"
groups = ["main"]
files = [
    {file = "DateTime-5.5-py3-none-any.whl", hash = "sha256:0abf6c51cb4ba7cee775ca46ccc727f3afdde463be28dbbe8803631fefd4a120"},
    {file = "DateTime-5.5.tar.gz", hash = "sha256:21ec6331f87a7fcb57bd7c59e8a68bfffe6fcbf5acdbbc7b356d6a9a020191d3"},
]

[package.dependencies]
pytz = "*"
"zope.interface" = "*"

[[package]]
name = "gnureadline"
version = "8.2.13"
description = "The standard Python readline extension statically linked against the GNU readline library."
optional = false
python-versions = "*"
groups = ["main"]
markers = "platform_system == \"Darwin\""
files = [
    {file = "gnureadline-8.2.13-cp310-cp310-macosx_10_9_x86_64.whl", hash = "sha256:0ca03501ce0939d7ecf9d075860d6f6ceb2f49f30331b4e96e4678ce03687bab"},
    {file = "gnureadline-8.2.13-cp310-cp310-macosx_11_0_arm64.whl", hash = "sha256:c28e33bfc56d4204693f213abeab927f65c505ce91f668a039720bc7c46b0353"},
    {file = "gnureadline-8.2.13-cp310-cp310-manylinux_2_17_aarch64.manylinux2014_aarch64.whl", hash = "sha256:6472e3a780087eecd67c03e5455aecb209de51bcae74583222976f6b816f6192"},
    {file = "gnureadline-8.2.13-cp310-cp310-manylinux_2_17_x86_64.manylinux2014_x86_64.whl", hash = "sha256:94b143ea5d22b0c1ca4a591265afe135272c69b7757e968e34fbb47a7858d1ce"},
    {file = "gnureadline-8.2.13-cp311-cp311-macosx_10_9_x86_64.whl", hash = "sha256:561a60b12f74ea7234036cc4fe558f3b46023be0dac5ed73541ece58cba2f88a"},
    {file = "gnureadline-8.2.13-cp311-cp311-macosx_11_0_arm64.whl", hash = "sha256:daa405028b9fe92bfbb93624e13e0674a242a1c5434b70ef61a04294502fdb65"},
    {file = "gnureadline-8.2.13-cp311-cp311-manylinux_2_17_aarch64.manylinux2014_aarch64.whl", hash = "sha256:576dac060887adc6067ee9d23fb2f0031fb2b3e560e07a6c9e666e05f0473af7"},
    {file = "gnureadline-8.2.13-cp311-cp311-manylinux_2_17_x86_64.manylinux2014_x86_64.whl", hash = "sha256:10fcaf561bc4ed6ab7075ab3ead188a18faaf4e6e92d916f81a09c0a670ce906"},
    {file = "gnureadline-8.2.13-cp312-cp312-macosx_10_13_x86_64.whl", hash = "sha256:9c152a82613fa012ab4331bb9a0ffddb415e37561d376b910bf9e7d535607faf"},
    {file = "gnureadline-8.2.13-cp312-cp312-macosx_11_0_arm64.whl", hash = "sha256:85e362d2d0e85e45f0affae7bbfaf998b00167c55a78d31ee0f214de9ff429d2"},
    {file = "gnureadline-8.2.13-cp312-cp312-manylinux_2_17_aarch64.manylinux2014_aarch64.whl", hash = "sha256:b69e6608cc94e110018b721a11718d480a6330e0b62cbab65a22880e84011205"},
    {file = "gnureadline-8.2.13-cp312-cp312-manylinux_2_17_x86_64.manylinux2014_x86_64.whl", hash = "sha256:0cc77fc9c8a8fcf10e0a554e49ee763219683386b8f906b7e6ef07c9e40e8420"},
    {file = "gnureadline-8.2.13-cp313-cp313-macosx_10_13_x86_64.whl", hash = "sha256:2d3e33d2e0dd694d623a2ca1fae6990b52f1d25955504b7293a9350fb9912940"},
    {file = "gnureadline-8.2.13-cp313-cp313-macosx_11_0_arm64.whl", hash = "sha256:6c550d08c4d2882a83293a724b14a262ee5078fd4fa7acdc78aa59cab26ae343"},
    {file = "gnureadline-8.2.13-cp313-cp313-manylinux_2_17_aarch64.manylinux2014_aarch64.whl", hash = "sha256:a7d6e3f5d9fd0cf8a84fb382d4e3ad2914331be4d929f17d50da01f1571c4b03"},
    {file = "gnureadline-8.2.13-cp313-cp313-manylinux_2_17_x86_64.manylinux2014_x86_64.whl", hash = "sha256:f59275168cae1b02ca1ec7586a9804bb04ce427df92f8582a80d16e96c846b78"},
    {file = "gnureadline-8.2.13-cp36-cp36m-macosx_10_9_x86_64.whl", hash = "sha256:59c5505026646da6d5ced6a5316d6d191d011e8be422cba4abce71730ef37dc6"},
    {file = "gnureadline-8.2.13-cp36-cp36m-manylinux_2_17_aarch64.manylinux2014_aarch64.whl", hash = "sha256:3f1050ecf789f34d0ab0aacdb605f177725009a864e0038e70380614af92dc0d"},
    {file = "gnureadline-8.2.13-cp36-cp36m-manylinux_2_17_x86_64.manylinux2014_x86_64.whl", hash = "sha256:23b43c8e9e2e6566cb3094749826181a86dba1d94b1e023b5f9923dc26e37876"},
    {file = "gnureadline-8.2.13-cp37-cp37m-macosx_10_9_x86_64.whl", hash = "sha256:4f5fc90af56a1ae6f88c9c7122fc76141c395b6c342a63800abed8c813f48b85"},
    {file = "gnureadline-8.2.13-cp37-cp37m-manylinux_2_17_aarch64.manylinux2014_aarch64.whl", hash = "sha256:d708e8f655d3b556a138f13e9fcb2d8a10a6901e3125c04cad5ef7c883191fe8"},
    {file = "gnureadline-8.2.13-cp37-cp37m-manylinux_2_17_x86_64.manylinux2014_x86_64.whl", hash = "sha256:265bcf6ef7082e130160fb34b9664284affb216a22c5bffcd518b35d02bcc4e9"},
    {file = "gnureadline-8.2.13-cp38-cp38-macosx_10_9_x86_64.whl", hash = "sha256:07231f8191adb7f204010a86a91df9df9a80944981a16576a471f59304ad6a16"},
    {file = "gnureadline-8.2.13-cp38-cp38-manylinux_2_17_aarch64.manylinux2014_aarch64.whl", hash = "sha256:30cc1b6cb11d94554815cb91eb1dfa6a11887185aae50f253adaa393e91c6a86"},
    {file = "gnureadline-8.2.13-cp38-cp38-manylinux_2_17_x86_64.manylinux2014_x86_64.whl", hash = "sha256:50c40bfffffa82d4fcb0fde4940d4ff128ba2f876c1da09bae9d6d9ff770095e"},
    {file = "gnureadline-8.2.13-cp39-cp39-macosx_10_9_x86_64.whl", hash = "sha256:dcfa601d95c00aa670ec5e4bf791caf6ba0bcf266de940fb54d44c278bd302fe"},
    {file = "gnureadline-8.2.13-cp39-cp39-macosx_11_0_arm64.whl", hash = "sha256:c7b8d3f2a2c9b7e6feaf1f20bdb6ebb8210e207b8c5360ffe407a47efeeb3fb8"},
    {file = "gnureadline-8.2.13-cp39-cp39-manylinux_2_17_aarch64.manylinux2014_aarch64.whl", hash = "sha256:811d85a70ac97cddeb1755282915e8a93c279dcf89513426f28617b8feff5aec"},
    {file = "gnureadline-8.2.13-cp39-cp39-manylinux_2_17_x86_64.manylinux2014_x86_64.whl", hash = "sha256:4f57a3aa97c3379b2513c8bfbac0de2dfb41f695623c0b2ad337babb646b51a7"},
    {file = "gnureadline-8.2.13.tar.gz", hash = "sha256:c9b9e1e7ba99a80bb50c12027d6ce692574f77a65bf57bc97041cf81c0f49bd1"},
]

[[package]]
name = "pathlib"
version = "1.0.1"
description = "Object-oriented filesystem paths"
optional = false
python-versions = "*"
groups = ["main"]
files = [
    {file = "pathlib-1.0.1-py3-none-any.whl", hash = "sha256:f35f95ab8b0f59e6d354090350b44a80a80635d22efdedfa84c7ad1cf0a74147"},
    {file = "pathlib-1.0.1.tar.gz", hash = "sha256:6940718dfc3eff4258203ad5021090933e5c04707d5ca8cc9e73c94a7894ea9f"},
]

[[package]]
name = "pyperclip"
version = "1.9.0"
description = "A cross-platform clipboard module for Python. (Only handles plain text for now.)"
optional = false
python-versions = "*"
groups = ["main"]
files = [
    {file = "pyperclip-1.9.0.tar.gz", hash = "sha256:b7de0142ddc81bfc5c7507eea19da920b92252b548b96186caf94a5e2527d310"},
]

[[package]]
name = "pyreadline3"
version = "3.5.4"
description = "A python implementation of GNU readline."
optional = false
python-versions = ">=3.8"
groups = ["main"]
markers = "platform_system == \"Windows\""
files = [
    {file = "pyreadline3-3.5.4-py3-none-any.whl", hash = "sha256:eaf8e6cc3c49bcccf145fc6067ba8643d1df34d604a1ec0eccbf7a18e6d3fae6"},
    {file = "pyreadline3-3.5.4.tar.gz", hash = "sha256:8d57d53039a1c75adba8e50dd3d992b28143480816187ea5efbd5c78e6c885b7"},
]

[package.extras]
dev = ["build", "flake8", "mypy", "pytest", "twine"]

[[package]]
name = "pytz"
version = "2025.2"
description = "World timezone definitions, modern and historical"
optional = false
python-versions = "*"
groups = ["main"]
files = [
    {file = "pytz-2025.2-py2.py3-none-any.whl", hash = "sha256:5ddf76296dd8c44c26eb8f4b6f35488f3ccbf6fbbd7adee0b7262d43f0ec2f00"},
    {file = "pytz-2025.2.tar.gz", hash = "sha256:360b9e3dbb49a209c21ad61809c7fb453643e048b38924c765813546746e81c3"},
]

[[package]]
name = "setuptools"
version = "80.9.0"
description = "Easily download, build, install, upgrade, and uninstall Python packages"
optional = false
python-versions = ">=3.9"
groups = ["main"]
files = [
    {file = "setuptools-80.9.0-py3-none-any.whl", hash = "sha256:062d34222ad13e0cc312a4c02d73f059e86a4acbfbdea8f8f76b28c99f306922"},
    {file = "setuptools-80.9.0.tar.gz", hash = "sha256:f36b47402ecde768dbfafc46e8e4207b4360c654f1f3bb84475f0a28628fb19c"},
]

[package.extras]
check = ["pytest-checkdocs (>=2.4)", "pytest-ruff (>=0.2.1) ; sys_platform != \"cygwin\"", "ruff (>=0.8.0) ; sys_platform != \"cygwin\""]
core = ["importlib_metadata (>=6) ; python_version < \"3.10\"", "jaraco.functools (>=4)", "jaraco.text (>=3.7)", "more_itertools", "more_itertools (>=8.8)", "packaging (>=24.2)", "platformdirs (>=4.2.2)", "tomli (>=2.0.1) ; python_version < \"3.11\"", "wheel (>=0.43.0)"]
cover = ["pytest-cov"]
doc = ["furo", "jaraco.packaging (>=9.3)", "jaraco.tidelift (>=1.4)", "pygments-github-lexers (==0.0.5)", "pyproject-hooks (!=1.1)", "rst.linker (>=1.9)", "sphinx (>=3.5)", "sphinx-favicon", "sphinx-inline-tabs", "sphinx-lint", "sphinx-notfound-page (>=1,<2)", "sphinx-reredirects", "sphinxcontrib-towncrier", "towncrier (<24.7)"]
enabler = ["pytest-enabler (>=2.2)"]
test = ["build[virtualenv] (>=1.0.3)", "filelock (>=3.4.0)", "ini2toml[lite] (>=0.14)", "jaraco.develop (>=7.21) ; python_version >= \"3.9\" and sys_platform != \"cygwin\"", "jaraco.envs (>=2.2)", "jaraco.path (>=3.7.2)", "jaraco.test (>=5.5)", "packaging (>=24.2)", "pip (>=19.1)", "pyproject-hooks (!=1.1)", "pytest (>=6,!=8.1.*)", "pytest-home (>=0.5)", "pytest-perf ; sys_platform != \"cygwin\"", "pytest-subprocess", "pytest-timeout", "pytest-xdist (>=3)", "tomli-w (>=1.0.0)", "virtualenv (>=13.0.0)", "wheel (>=0.44.0)"]
type = ["importlib_metadata (>=7.0.2) ; python_version < \"3.10\"", "jaraco.develop (>=7.21) ; sys_platform != \"cygwin\"", "mypy (==1.14.*)", "pytest-mypy"]

[[package]]
name = "termcolor"
version = "3.1.0"
description = "ANSI color formatting for output in terminal"
optional = false
python-versions = ">=3.9"
groups = ["main"]
files = [
    {file = "termcolor-3.1.0-py3-none-any.whl", hash = "sha256:591dd26b5c2ce03b9e43f391264626557873ce1d379019786f99b0c2bee140aa"},
    {file = "termcolor-3.1.0.tar.gz", hash = "sha256:6a6dd7fbee581909eeec6a756cff1d7f7c376063b14e4a298dc4980309e55970"},
]

[package.extras]
tests = ["pytest", "pytest-cov"]

[[package]]
name = "wcwidth"
version = "0.2.13"
description = "Measures the displayed width of unicode strings in a terminal"
optional = false
python-versions = "*"
groups = ["main"]
files = [
    {file = "wcwidth-0.2.13-py2.py3-none-any.whl", hash = "sha256:3da69048e4540d84af32131829ff948f1e022c1c6bdb8d6102117aac784f6859"},
    {file = "wcwidth-0.2.13.tar.gz", hash = "sha256:72ea0c06399eb286d978fdedb6923a9eb47e1c486ce63e9b4e64fc18303972b5"},
]

[[package]]
name = "zope-interface"
version = "7.2"
description = "Interfaces for Python"
optional = false
python-versions = ">=3.8"
groups = ["main"]
files = [
    {file = "zope.interface-7.2-cp310-cp310-macosx_10_9_x86_64.whl", hash = "sha256:ce290e62229964715f1011c3dbeab7a4a1e4971fd6f31324c4519464473ef9f2"},
    {file = "zope.interface-7.2-cp310-cp310-macosx_11_0_arm64.whl", hash = "sha256:05b910a5afe03256b58ab2ba6288960a2892dfeef01336dc4be6f1b9ed02ab0a"},
    {file = "zope.interface-7.2-cp310-cp310-manylinux_2_17_aarch64.manylinux2014_aarch64.whl", hash = "sha256:550f1c6588ecc368c9ce13c44a49b8d6b6f3ca7588873c679bd8fd88a1b557b6"},
    {file = "zope.interface-7.2-cp310-cp310-manylinux_2_5_i686.manylinux1_i686.manylinux_2_17_i686.manylinux2014_i686.whl", hash = "sha256:0ef9e2f865721553c6f22a9ff97da0f0216c074bd02b25cf0d3af60ea4d6931d"},
    {file = "zope.interface-7.2-cp310-cp310-manylinux_2_5_x86_64.manylinux1_x86_64.manylinux_2_17_x86_64.manylinux2014_x86_64.whl", hash = "sha256:27f926f0dcb058211a3bb3e0e501c69759613b17a553788b2caeb991bed3b61d"},
    {file = "zope.interface-7.2-cp310-cp310-win_amd64.whl", hash = "sha256:144964649eba4c5e4410bb0ee290d338e78f179cdbfd15813de1a664e7649b3b"},
    {file = "zope.interface-7.2-cp311-cp311-macosx_10_9_x86_64.whl", hash = "sha256:1909f52a00c8c3dcab6c4fad5d13de2285a4b3c7be063b239b8dc15ddfb73bd2"},
    {file = "zope.interface-7.2-cp311-cp311-macosx_11_0_arm64.whl", hash = "sha256:80ecf2451596f19fd607bb09953f426588fc1e79e93f5968ecf3367550396b22"},
    {file = "zope.interface-7.2-cp311-cp311-manylinux_2_17_aarch64.manylinux2014_aarch64.whl", hash = "sha256:033b3923b63474800b04cba480b70f6e6243a62208071fc148354f3f89cc01b7"},
    {file = "zope.interface-7.2-cp311-cp311-manylinux_2_5_i686.manylinux1_i686.manylinux_2_17_i686.manylinux2014_i686.whl", hash = "sha256:a102424e28c6b47c67923a1f337ede4a4c2bba3965b01cf707978a801fc7442c"},
    {file = "zope.interface-7.2-cp311-cp311-manylinux_2_5_x86_64.manylinux1_x86_64.manylinux_2_17_x86_64.manylinux2014_x86_64.whl", hash = "sha256:25e6a61dcb184453bb00eafa733169ab6d903e46f5c2ace4ad275386f9ab327a"},
    {file = "zope.interface-7.2-cp311-cp311-win_amd64.whl", hash = "sha256:3f6771d1647b1fc543d37640b45c06b34832a943c80d1db214a37c31161a93f1"},
    {file = "zope.interface-7.2-cp312-cp312-macosx_10_9_x86_64.whl", hash = "sha256:086ee2f51eaef1e4a52bd7d3111a0404081dadae87f84c0ad4ce2649d4f708b7"},
    {file = "zope.interface-7.2-cp312-cp312-macosx_11_0_arm64.whl", hash = "sha256:21328fcc9d5b80768bf051faa35ab98fb979080c18e6f84ab3f27ce703bce465"},
    {file = "zope.interface-7.2-cp312-cp312-manylinux_2_17_aarch64.manylinux2014_aarch64.whl", hash = "sha256:f6dd02ec01f4468da0f234da9d9c8545c5412fef80bc590cc51d8dd084138a89"},
    {file = "zope.interface-7.2-cp312-cp312-manylinux_2_5_i686.manylinux1_i686.manylinux_2_17_i686.manylinux2014_i686.whl", hash = "sha256:8e7da17f53e25d1a3bde5da4601e026adc9e8071f9f6f936d0fe3fe84ace6d54"},
    {file = "zope.interface-7.2-cp312-cp312-manylinux_2_5_x86_64.manylinux1_x86_64.manylinux_2_17_x86_64.manylinux2014_x86_64.whl", hash = "sha256:cab15ff4832580aa440dc9790b8a6128abd0b88b7ee4dd56abacbc52f212209d"},
    {file = "zope.interface-7.2-cp312-cp312-win_amd64.whl", hash = "sha256:29caad142a2355ce7cfea48725aa8bcf0067e2b5cc63fcf5cd9f97ad12d6afb5"},
    {file = "zope.interface-7.2-cp313-cp313-macosx_10_9_x86_64.whl", hash = "sha256:3e0350b51e88658d5ad126c6a57502b19d5f559f6cb0a628e3dc90442b53dd98"},
    {file = "zope.interface-7.2-cp313-cp313-macosx_11_0_arm64.whl", hash = "sha256:15398c000c094b8855d7d74f4fdc9e73aa02d4d0d5c775acdef98cdb1119768d"},
    {file = "zope.interface-7.2-cp313-cp313-manylinux_2_17_aarch64.manylinux2014_aarch64.whl", hash = "sha256:802176a9f99bd8cc276dcd3b8512808716492f6f557c11196d42e26c01a69a4c"},
    {file = "zope.interface-7.2-cp313-cp313-manylinux_2_5_i686.manylinux1_i686.manylinux_2_17_i686.manylinux2014_i686.whl", hash = "sha256:eb23f58a446a7f09db85eda09521a498e109f137b85fb278edb2e34841055398"},
    {file = "zope.interface-7.2-cp313-cp313-manylinux_2_5_x86_64.manylinux1_x86_64.manylinux_2_17_x86_64.manylinux2014_x86_64.whl", hash = "sha256:a71a5b541078d0ebe373a81a3b7e71432c61d12e660f1d67896ca62d9628045b"},
    {file = "zope.interface-7.2-cp313-cp313-win_amd64.whl", hash = "sha256:4893395d5dd2ba655c38ceb13014fd65667740f09fa5bb01caa1e6284e48c0cd"},
    {file = "zope.interface-7.2-cp38-cp38-macosx_10_9_x86_64.whl", hash = "sha256:d3a8ffec2a50d8ec470143ea3d15c0c52d73df882eef92de7537e8ce13475e8a"},
    {file = "zope.interface-7.2-cp38-cp38-macosx_11_0_arm64.whl", hash = "sha256:31d06db13a30303c08d61d5fb32154be51dfcbdb8438d2374ae27b4e069aac40"},
    {file = "zope.interface-7.2-cp38-cp38-manylinux_2_17_aarch64.manylinux2014_aarch64.whl", hash = "sha256:e204937f67b28d2dca73ca936d3039a144a081fc47a07598d44854ea2a106239"},
    {file = "zope.interface-7.2-cp38-cp38-manylinux_2_5_i686.manylinux1_i686.manylinux_2_17_i686.manylinux2014_i686.whl", hash = "sha256:224b7b0314f919e751f2bca17d15aad00ddbb1eadf1cb0190fa8175edb7ede62"},
    {file = "zope.interface-7.2-cp38-cp38-manylinux_2_5_x86_64.manylinux1_x86_64.manylinux_2_17_x86_64.manylinux2014_x86_64.whl", hash = "sha256:baf95683cde5bc7d0e12d8e7588a3eb754d7c4fa714548adcd96bdf90169f021"},
    {file = "zope.interface-7.2-cp38-cp38-win_amd64.whl", hash = "sha256:7dc5016e0133c1a1ec212fc87a4f7e7e562054549a99c73c8896fa3a9e80cbc7"},
    {file = "zope.interface-7.2-cp39-cp39-macosx_10_9_x86_64.whl", hash = "sha256:7bd449c306ba006c65799ea7912adbbfed071089461a19091a228998b82b1fdb"},
    {file = "zope.interface-7.2-cp39-cp39-macosx_11_0_arm64.whl", hash = "sha256:a19a6cc9c6ce4b1e7e3d319a473cf0ee989cbbe2b39201d7c19e214d2dfb80c7"},
    {file = "zope.interface-7.2-cp39-cp39-manylinux_2_17_aarch64.manylinux2014_aarch64.whl", hash = "sha256:72cd1790b48c16db85d51fbbd12d20949d7339ad84fd971427cf00d990c1f137"},
    {file = "zope.interface-7.2-cp39-cp39-manylinux_2_5_i686.manylinux1_i686.manylinux_2_17_i686.manylinux2014_i686.whl", hash = "sha256:52e446f9955195440e787596dccd1411f543743c359eeb26e9b2c02b077b0519"},
    {file = "zope.interface-7.2-cp39-cp39-manylinux_2_5_x86_64.manylinux1_x86_64.manylinux_2_17_x86_64.manylinux2014_x86_64.whl", hash = "sha256:2ad9913fd858274db8dd867012ebe544ef18d218f6f7d1e3c3e6d98000f14b75"},
    {file = "zope.interface-7.2-cp39-cp39-win_amd64.whl", hash = "sha256:1090c60116b3da3bfdd0c03406e2f14a1ff53e5771aebe33fec1edc0a350175d"},
    {file = "zope.interface-7.2.tar.gz", hash = "sha256:8b49f1a3d1ee4cdaf5b32d2e738362c7f5e40ac8b46dd7d1a65e82a4872728fe"},
]

[package.dependencies]
setuptools = "*"

[package.extras]
docs = ["Sphinx", "furo", "repoze.sphinx.autointerface"]
test = ["coverage[toml]", "zope.event", "zope.testing"]
testing = ["coverage[toml]", "zope.event", "zope.testing"]

[metadata]
lock-version = "2.1"
python-versions = ">=3.13"
content-hash = "ba66f2cb86de70954f5360ad3ec590a7771a575860fc2d8e26fd35579ed5d5a4"
